
Microsoft Visual Studio Solution File, Format Version 12.00
# Visual Studio 15
VisualStudioVersion = 15.0.27703.2026
MinimumVisualStudioVersion = 10.0.40219.1
Project("{FAE04EC0-301F-11D3-BF4B-00C04F79EFBC}") = "Hilres.CSV", "Hilres.CSV\Hilres.CSV.csproj", "{04970D57-B734-46B0-8C89-5CAE482506A5}"
EndProject
Global
	GlobalSection(SolutionConfigurationPlatforms) = preSolution
		Debug|Any CPU = Debug|Any CPU
		Release|Any CPU = Release|Any CPU
	EndGlobalSection
	GlobalSection(ProjectConfigurationPlatforms) = postSolution
		{04970D57-B734-46B0-8C89-5CAE482506A5}.Debug|Any CPU.ActiveCfg = Debug|Any CPU
		{04970D57-B734-46B0-8C89-5CAE482506A5}.Debug|Any CPU.Build.0 = Debug|Any CPU
		{04970D57-B734-46B0-8C89-5CAE482506A5}.Release|Any CPU.ActiveCfg = Release|Any CPU
		{04970D57-B734-46B0-8C89-5CAE482506A5}.Release|Any CPU.Build.0 = Release|Any CPU
	EndGlobalSection
	GlobalSection(SolutionProperties) = preSolution
		HideSolutionNode = FALSE
	EndGlobalSection
	GlobalSection(ExtensibilityGlobals) = postSolution
		SolutionGuid = {9A68E0B5-B3CB-47C5-87D4-3F58F3C95972}
	EndGlobalSection
EndGlobal
